// !$*UTF8*$!
{
	archiveVersion = 1;
	classes = {
	};
	objectVersion = 50;
	objects = {

/* Begin PBXBuildFile section */
		21DE3962233DDDB7005F4AF9 /* AppDelegate.m in Sources */ = {isa = PBXBuildFile; fileRef = 21DE3961233DDDB7005F4AF9 /* AppDelegate.m */; };
		21DE3965233DDDB7005F4AF9 /* ViewController.m in Sources */ = {isa = PBXBuildFile; fileRef = 21DE3964233DDDB7005F4AF9 /* ViewController.m */; };
		21DE3968233DDDB7005F4AF9 /* Main.storyboard in Resources */ = {isa = PBXBuildFile; fileRef = 21DE3966233DDDB7005F4AF9 /* Main.storyboard */; };
		21DE396A233DDDB8005F4AF9 /* Assets.xcassets in Resources */ = {isa = PBXBuildFile; fileRef = 21DE3969233DDDB8005F4AF9 /* Assets.xcassets */; };
		21DE396D233DDDB8005F4AF9 /* LaunchScreen.storyboard in Resources */ = {isa = PBXBuildFile; fileRef = 21DE396B233DDDB8005F4AF9 /* LaunchScreen.storyboard */; };
		21DE3970233DDDB8005F4AF9 /* main.m in Sources */ = {isa = PBXBuildFile; fileRef = 21DE396F233DDDB8005F4AF9 /* main.m */; };
		21DE3979233DDE1D005F4AF9 /* MainUI.m in Sources */ = {isa = PBXBuildFile; fileRef = 21DE3977233DDE1D005F4AF9 /* MainUI.m */; };
		21DE397A233DDE1D005F4AF9 /* MainUI.xib in Resources */ = {isa = PBXBuildFile; fileRef = 21DE3978233DDE1D005F4AF9 /* MainUI.xib */; };
		21DE397D233DDE36005F4AF9 /* LocationFinder.m in Sources */ = {isa = PBXBuildFile; fileRef = 21DE397C233DDE36005F4AF9 /* LocationFinder.m */; };
		21DE3980233DF2AC005F4AF9 /* Location.m in Sources */ = {isa = PBXBuildFile; fileRef = 21DE397F233DF2AC005F4AF9 /* Location.m */; };
/* End PBXBuildFile section */

/* Begin PBXFileReference section */
		21DE395D233DDDB7005F4AF9 /* locationFindDemo.app */ = {isa = PBXFileReference; explicitFileType = wrapper.application; includeInIndex = 0; path = locationFindDemo.app; sourceTree = BUILT_PRODUCTS_DIR; };
		21DE3960233DDDB7005F4AF9 /* AppDelegate.h */ = {isa = PBXFileReference; lastKnownFileType = sourcecode.c.h; path = AppDelegate.h; sourceTree = "<group>"; };
		21DE3961233DDDB7005F4AF9 /* AppDelegate.m */ = {isa = PBXFileReference; lastKnownFileType = sourcecode.c.objc; path = AppDelegate.m; sourceTree = "<group>"; };
		21DE3963233DDDB7005F4AF9 /* ViewController.h */ = {isa = PBXFileReference; lastKnownFileType = sourcecode.c.h; path = ViewController.h; sourceTree = "<group>"; };
		21DE3964233DDDB7005F4AF9 /* ViewController.m */ = {isa = PBXFileReference; lastKnownFileType = sourcecode.c.objc; path = ViewController.m; sourceTree = "<group>"; };
		21DE3967233DDDB7005F4AF9 /* Base */ = {isa = PBXFileReference; lastKnownFileType = file.storyboard; name = Base; path = Base.lproj/Main.storyboard; sourceTree = "<group>"; };
		21DE3969233DDDB8005F4AF9 /* Assets.xcassets */ = {isa = PBXFileReference; lastKnownFileType = folder.assetcatalog; path = Assets.xcassets; sourceTree = "<group>"; };
		21DE396C233DDDB8005F4AF9 /* Base */ = {isa = PBXFileReference; lastKnownFileType = file.storyboard; name = Base; path = Base.lproj/LaunchScreen.storyboard; sourceTree = "<group>"; };
		21DE396E233DDDB8005F4AF9 /* Info.plist */ = {isa = PBXFileReference; lastKnownFileType = text.plist.xml; path = Info.plist; sourceTree = "<group>"; };
		21DE396F233DDDB8005F4AF9 /* main.m */ = {isa = PBXFileReference; lastKnownFileType = sourcecode.c.objc; path = main.m; sourceTree = "<group>"; };
		21DE3976233DDE1D005F4AF9 /* MainUI.h */ = {isa = PBXFileReference; lastKnownFileType = sourcecode.c.h; path = MainUI.h; sourceTree = "<group>"; };
		21DE3977233DDE1D005F4AF9 /* MainUI.m */ = {isa = PBXFileReference; lastKnownFileType = sourcecode.c.objc; path = MainUI.m; sourceTree = "<group>"; };
		21DE3978233DDE1D005F4AF9 /* MainUI.xib */ = {isa = PBXFileReference; lastKnownFileType = file.xib; path = MainUI.xib; sourceTree = "<group>"; };
		21DE397B233DDE36005F4AF9 /* LocationFinder.h */ = {isa = PBXFileReference; lastKnownFileType = sourcecode.c.h; path = LocationFinder.h; sourceTree = "<group>"; };
		21DE397C233DDE36005F4AF9 /* LocationFinder.m */ = {isa = PBXFileReference; lastKnownFileType = sourcecode.c.objc; path = LocationFinder.m; sourceTree = "<group>"; };
		21DE397E233DF2AC005F4AF9 /* Location.h */ = {isa = PBXFileReference; lastKnownFileType = sourcecode.c.h; path = Location.h; sourceTree = "<group>"; };
		21DE397F233DF2AC005F4AF9 /* Location.m */ = {isa = PBXFileReference; lastKnownFileType = sourcecode.c.objc; path = Location.m; sourceTree = "<group>"; };
/* End PBXFileReference section */

/* Begin PBXFrameworksBuildPhase section */
		21DE395A233DDDB7005F4AF9 /* Frameworks */ = {
			isa = PBXFrameworksBuildPhase;
			buildActionMask = 2147483647;
			files = (
			);
			runOnlyForDeploymentPostprocessing = 0;
		};
/* End PBXFrameworksBuildPhase section */

/* Begin PBXGroup section */
		21DE3954233DDDB7005F4AF9 = {
			isa = PBXGroup;
			children = (
				21DE395F233DDDB7005F4AF9 /* locationFindDemo */,
				21DE395E233DDDB7005F4AF9 /* Products */,
			);
			sourceTree = "<group>";
		};
		21DE395E233DDDB7005F4AF9 /* Products */ = {
			isa = PBXGroup;
			children = (
				21DE395D233DDDB7005F4AF9 /* locationFindDemo.app */,
			);
			name = Products;
			sourceTree = "<group>";
		};
		21DE395F233DDDB7005F4AF9 /* locationFindDemo */ = {
			isa = PBXGroup;
			children = (
				21DE3960233DDDB7005F4AF9 /* AppDelegate.h */,
				21DE3961233DDDB7005F4AF9 /* AppDelegate.m */,
				21DE3963233DDDB7005F4AF9 /* ViewController.h */,
				21DE3964233DDDB7005F4AF9 /* ViewController.m */,
				21DE3966233DDDB7005F4AF9 /* Main.storyboard */,
				21DE3969233DDDB8005F4AF9 /* Assets.xcassets */,
				21DE396B233DDDB8005F4AF9 /* LaunchScreen.storyboard */,
				21DE396E233DDDB8005F4AF9 /* Info.plist */,
				21DE396F233DDDB8005F4AF9 /* main.m */,
				21DE3976233DDE1D005F4AF9 /* MainUI.h */,
				21DE3977233DDE1D005F4AF9 /* MainUI.m */,
				21DE3978233DDE1D005F4AF9 /* MainUI.xib */,
				21DE397B233DDE36005F4AF9 /* LocationFinder.h */,
				21DE397C233DDE36005F4AF9 /* LocationFinder.m */,
				21DE397E233DF2AC005F4AF9 /* Location.h */,
				21DE397F233DF2AC005F4AF9 /* Location.m */,
			);
			path = locationFindDemo;
			sourceTree = "<group>";
		};
/* End PBXGroup section */

/* Begin PBXNativeTarget section */
		21DE395C233DDDB7005F4AF9 /* locationFindDemo */ = {
			isa = PBXNativeTarget;
			buildConfigurationList = 21DE3973233DDDB8005F4AF9 /* Build configuration list for PBXNativeTarget "locationFindDemo" */;
			buildPhases = (
				21DE3959233DDDB7005F4AF9 /* Sources */,
				21DE395A233DDDB7005F4AF9 /* Frameworks */,
				21DE395B233DDDB7005F4AF9 /* Resources */,
			);
			buildRules = (
			);
			dependencies = (
			);
			name = locationFindDemo;
			productName = locationFindDemo;
			productReference = 21DE395D233DDDB7005F4AF9 /* locationFindDemo.app */;
			productType = "com.apple.product-type.application";
		};
/* End PBXNativeTarget section */

/* Begin PBXProject section */
		21DE3955233DDDB7005F4AF9 /* Project object */ = {
			isa = PBXProject;
			attributes = {
				LastUpgradeCheck = 1020;
				ORGANIZATIONNAME = xpzheng;
				TargetAttributes = {
					21DE395C233DDDB7005F4AF9 = {
						CreatedOnToolsVersion = 10.2.1;
					};
				};
			};
			buildConfigurationList = 21DE3958233DDDB7005F4AF9 /* Build configuration list for PBXProject "locationFindDemo" */;
			compatibilityVersion = "Xcode 9.3";
			developmentRegion = en;
			hasScannedForEncodings = 0;
			knownRegions = (
				en,
				Base,
			);
			mainGroup = 21DE3954233DDDB7005F4AF9;
			productRefGroup = 21DE395E233DDDB7005F4AF9 /* Products */;
			projectDirPath = "";
			projectRoot = "";
			targets = (
				21DE395C233DDDB7005F4AF9 /* locationFindDemo */,
			);
		};
/* End PBXProject section */

/* Begin PBXResourcesBuildPhase section */
		21DE395B233DDDB7005F4AF9 /* Resources */ = {
			isa = PBXResourcesBuildPhase;
			buildActionMask = 2147483647;
			files = (
				21DE396D233DDDB8005F4AF9 /* LaunchScreen.storyboard in Resources */,
				21DE396A233DDDB8005F4AF9 /* Assets.xcassets in Resources */,
				21DE397A233DDE1D005F4AF9 /* MainUI.xib in Resources */,
				21DE3968233DDDB7005F4AF9 /* Main.storyboard in Resources */,
			);
			runOnlyForDeploymentPostprocessing = 0;
		};
/* End PBXResourcesBuildPhase section */

/* Begin PBXSourcesBuildPhase section */
		21DE3959233DDDB7005F4AF9 /* Sources */ = {
			isa = PBXSourcesBuildPhase;
			buildActionMask = 2147483647;
			files = (
				21DE3965233DDDB7005F4AF9 /* ViewController.m in Sources */,
				21DE397D233DDE36005F4AF9 /* LocationFinder.m in Sources */,
				21DE3970233DDDB8005F4AF9 /* main.m in Sources */,
				21DE3979233DDE1D005F4AF9 /* MainUI.m in Sources */,
				21DE3980233DF2AC005F4AF9 /* Location.m in Sources */,
				21DE3962233DDDB7005F4AF9 /* AppDelegate.m in Sources */,
			);
			runOnlyForDeploymentPostprocessing = 0;
		};
/* End PBXSourcesBuildPhase section */

/* Begin PBXVariantGroup section */
		21DE3966233DDDB7005F4AF9 /* Main.storyboard */ = {
			isa = PBXVariantGroup;
			children = (
				21DE3967233DDDB7005F4AF9 /* Base */,
			);
			name = Main.storyboard;
			sourceTree = "<group>";
		};
		21DE396B233DDDB8005F4AF9 /* LaunchScreen.storyboard */ = {
			isa = PBXVariantGroup;
			children = (
				21DE396C233DDDB8005F4AF9 /* Base */,
			);
			name = LaunchScreen.storyboard;
			sourceTree = "<group>";
		};
/* End PBXVariantGroup section */

/* Begin XCBuildConfiguration section */
		21DE3971233DDDB8005F4AF9 /* Debug */ = {
			isa = XCBuildConfiguration;
			buildSettings = {
				ALWAYS_SEARCH_USER_PATHS = NO;
				CLANG_ANALYZER_NONNULL = YES;
				CLANG_ANALYZER_NUMBER_OBJECT_CONVERSION = YES_AGGRESSIVE;
				CLANG_CXX_LANGUAGE_STANDARD = "gnu++14";
				CLANG_CXX_LIBRARY = "libc++";
				CLANG_ENABLE_MODULES = YES;
				CLANG_ENABLE_OBJC_ARC = YES;
				CLANG_ENABLE_OBJC_WEAK = YES;
				CLANG_WARN_BLOCK_CAPTURE_AUTORELEASING = YES;
				CLANG_WARN_BOOL_CONVERSION = YES;
				CLANG_WARN_COMMA = YES;
				CLANG_WARN_CONSTANT_CONVERSION = YES;
				CLANG_WARN_DEPRECATED_OBJC_IMPLEMENTATIONS = YES;
				CLANG_WARN_DIRECT_OBJC_ISA_USAGE = YES_ERROR;
				CLANG_WARN_DOCUMENTATION_COMMENTS = YES;
				CLANG_WARN_EMPTY_BODY = YES;
				CLANG_WARN_ENUM_CONVERSION = YES;
				CLANG_WARN_INFINITE_RECURSION = YES;
				CLANG_WARN_INT_CONVERSION = YES;
				CLANG_WARN_NON_LITERAL_NULL_CONVERSION = YES;
				CLANG_WARN_OBJC_IMPLICIT_RETAIN_SELF = YES;
				CLANG_WARN_OBJC_LITERAL_CONVERSION = YES;
				CLANG_WARN_OBJC_ROOT_CLASS = YES_ERROR;
				CLANG_WARN_RANGE_LOOP_ANALYSIS = YES;
				CLANG_WARN_STRICT_PROTOTYPES = YES;
				CLANG_WARN_SUSPICIOUS_MOVE = YES;
				CLANG_WARN_UNGUARDED_AVAILABILITY = YES_AGGRESSIVE;
				CLANG_WARN_UNREACHABLE_CODE = YES;
				CLANG_WARN__DUPLICATE_METHOD_MATCH = YES;
				CODE_SIGN_IDENTITY = "iPhone Developer";
				COPY_PHASE_STRIP = NO;
				DEBUG_INFORMATION_FORMAT = dwarf;
				ENABLE_STRICT_OBJC_MSGSEND = YES;
				ENABLE_TESTABILITY = YES;
				GCC_C_LANGUAGE_STANDARD = gnu11;
				GCC_DYNAMIC_NO_PIC = NO;
				GCC_NO_COMMON_BLOCKS = YES;
				GCC_OPTIMIZATION_LEVEL = 0;
				GCC_PREPROCESSOR_DEFINITIONS = (
					"DEBUG=1",
					"$(inherited)",
				);
				GCC_WARN_64_TO_32_BIT_CONVERSION = YES;
				GCC_WARN_ABOUT_RETURN_TYPE = YES_ERROR;
				GCC_WARN_UNDECLARED_SELECTOR = YES;
				GCC_WARN_UNINITIALIZED_AUTOS = YES_AGGRESSIVE;
				GCC_WARN_UNUSED_FUNCTION = YES;
				GCC_WARN_UNUSED_VARIABLE = YES;
				IPHONEOS_DEPLOYMENT_TARGET = 12.2;
				MTL_ENABLE_DEBUG_INFO = INCLUDE_SOURCE;
				MTL_FAST_MATH = YES;
				ONLY_ACTIVE_ARCH = YES;
				SDKROOT = iphoneos;
			};
			name = Debug;
		};
		21DE3972233DDDB8005F4AF9 /* Release */ = {
			isa = XCBuildConfiguration;
			buildSettings = {
				ALWAYS_SEARCH_USER_PATHS = NO;
				CLANG_ANALYZER_NONNULL = YES;
				CLANG_ANALYZER_NUMBER_OBJECT_CONVERSION = YES_AGGRESSIVE;
				CLANG_CXX_LANGUAGE_STANDARD = "gnu++14";
				CLANG_CXX_LIBRARY = "libc++";
				CLANG_ENABLE_MODULES = YES;
				CLANG_ENABLE_OBJC_ARC = YES;
				CLANG_ENABLE_OBJC_WEAK = YES;
				CLANG_WARN_BLOCK_CAPTURE_AUTORELEASING = YES;
				CLANG_WARN_BOOL_CONVERSION = YES;
				CLANG_WARN_COMMA = YES;
				CLANG_WARN_CONSTANT_CONVERSION = YES;
				CLANG_WARN_DEPRECATED_OBJC_IMPLEMENTATIONS = YES;
				CLANG_WARN_DIRECT_OBJC_ISA_USAGE = YES_ERROR;
				CLANG_WARN_DOCUMENTATION_COMMENTS = YES;
				CLANG_WARN_EMPTY_BODY = YES;
				CLANG_WARN_ENUM_CONVERSION = YES;
				CLANG_WARN_INFINITE_RECURSION = YES;
				CLANG_WARN_INT_CONVERSION = YES;
				CLANG_WARN_NON_LITERAL_NULL_CONVERSION = YES;
				CLANG_WARN_OBJC_IMPLICIT_RETAIN_SELF = YES;
				CLANG_WARN_OBJC_LITERAL_CONVERSION = YES;
				CLANG_WARN_OBJC_ROOT_CLASS = YES_ERROR;
				CLANG_WARN_RANGE_LOOP_ANALYSIS = YES;
				CLANG_WARN_STRICT_PROTOTYPES = YES;
				CLANG_WARN_SUSPICIOUS_MOVE = YES;
				CLANG_WARN_UNGUARDED_AVAILABILITY = YES_AGGRESSIVE;
				CLANG_WARN_UNREACHABLE_CODE = YES;
				CLANG_WARN__DUPLICATE_METHOD_MATCH = YES;
				CODE_SIGN_IDENTITY = "iPhone Developer";
				COPY_PHASE_STRIP = NO;
				DEBUG_INFORMATION_FORMAT = "dwarf-with-dsym";
				ENABLE_NS_ASSERTIONS = NO;
				ENABLE_STRICT_OBJC_MSGSEND = YES;
				GCC_C_LANGUAGE_STANDARD = gnu11;
				GCC_NO_COMMON_BLOCKS = YES;
				GCC_WARN_64_TO_32_BIT_CONVERSION = YES;
				GCC_WARN_ABOUT_RETURN_TYPE = YES_ERROR;
				GCC_WARN_UNDECLARED_SELECTOR = YES;
				GCC_WARN_UNINITIALIZED_AUTOS = YES_AGGRESSIVE;
				GCC_WARN_UNUSED_FUNCTION = YES;
				GCC_WARN_UNUSED_VARIABLE = YES;
				IPHONEOS_DEPLOYMENT_TARGET = 12.2;
				MTL_ENABLE_DEBUG_INFO = NO;
				MTL_FAST_MATH = YES;
				SDKROOT = iphoneos;
				VALIDATE_PRODUCT = YES;
			};
			name = Release;
		};
		21DE3974233DDDB8005F4AF9 /* Debug */ = {
			isa = XCBuildConfiguration;
			buildSettings = {
				ASSETCATALOG_COMPILER_APPICON_NAME = AppIcon;
				CODE_SIGN_STYLE = Automatic;
				DEVELOPMENT_TEAM = M2CNFQQ6FY;
				INFOPLIST_FILE = locationFindDemo/Info.plist;
				IPHONEOS_DEPLOYMENT_TARGET = 12.0;
				LD_RUNPATH_SEARCH_PATHS = (
					"$(inherited)",
					"@executable_path/Frameworks",
				);
				PRODUCT_BUNDLE_IDENTIFIER = com.littlezheng.locationFindDemo;
				PRODUCT_NAME = "$(TARGET_NAME)";
				TARGETED_DEVICE_FAMILY = "1,2";
			};
			name = Debug;
		};
		21DE3975233DDDB8005F4AF9 /* Release */ = {
			isa = XCBuildConfiguration;
			buildSettings = {
				ASSETCATALOG_COMPILER_APPICON_NAME = AppIcon;
				CODE_SIGN_STYLE = Automatic;
				DEVELOPMENT_TEAM = M2CNFQQ6FY;
				INFOPLIST_FILE = locationFindDemo/Info.plist;
				IPHONEOS_DEPLOYMENT_TARGET = 12.0;
				LD_RUNPATH_SEARCH_PATHS = (
					"$(inherited)",
					"@executable_path/Frameworks",
				);
				PRODUCT_BUNDLE_IDENTIFIER = com.littlezheng.locationFindDemo;
				PRODUCT_NAME = "$(TARGET_NAME)";
				TARGETED_DEVICE_FAMILY = "1,2";
			};
			name = Release;
		};
/* End XCBuildConfiguration section */

/* Begin XCConfigurationList section */
		21DE3958233DDDB7005F4AF9 /* Build configuration list for PBXProject "locationFindDemo" */ = {
			isa = XCConfigurationList;
			buildConfigurations = (
				21DE3971233DDDB8005F4AF9 /* Debug */,
				21DE3972233DDDB8005F4AF9 /* Release */,
			);
			defaultConfigurationIsVisible = 0;
			defaultConfigurationName = Release;
		};
		21DE3973233DDDB8005F4AF9 /* Build configuration list for PBXNativeTarget "locationFindDemo" */ = {
			isa = XCConfigurationList;
			buildConfigurations = (
				21DE3974233DDDB8005F4AF9 /* Debug */,
				21DE3975233DDDB8005F4AF9 /* Release */,
			);
			defaultConfigurationIsVisible = 0;
			defaultConfigurationName = Release;
		};
/* End XCConfigurationList section */
	};
	rootObject = 21DE3955233DDDB7005F4AF9 /* Project object */;
}
