// !$*UTF8*$!
{
	archiveVersion = 1;
	classes = {
	};
	objectVersion = 48;
	objects = {

/* Begin PBXBuildFile section */
		2130F17C2212681900DB4270 /* 1.html in Resources */ = {isa = PBXBuildFile; fileRef = 2130F17B2212681900DB4270 /* 1.html */; };
		2164F8E7221251CC00A2F0F7 /* AppDelegate.m in Sources */ = {isa = PBXBuildFile; fileRef = 2164F8E6221251CC00A2F0F7 /* AppDelegate.m */; };
		2164F8EA221251CC00A2F0F7 /* ViewController.m in Sources */ = {isa = PBXBuildFile; fileRef = 2164F8E9221251CC00A2F0F7 /* ViewController.m */; };
		2164F8ED221251CC00A2F0F7 /* Main.storyboard in Resources */ = {isa = PBXBuildFile; fileRef = 2164F8EB221251CC00A2F0F7 /* Main.storyboard */; };
		2164F8EF221251CC00A2F0F7 /* Assets.xcassets in Resources */ = {isa = PBXBuildFile; fileRef = 2164F8EE221251CC00A2F0F7 /* Assets.xcassets */; };
		2164F8F2221251CC00A2F0F7 /* LaunchScreen.storyboard in Resources */ = {isa = PBXBuildFile; fileRef = 2164F8F0221251CC00A2F0F7 /* LaunchScreen.storyboard */; };
		2164F8F5221251CC00A2F0F7 /* main.m in Sources */ = {isa = PBXBuildFile; fileRef = 2164F8F4221251CC00A2F0F7 /* main.m */; };
		2164F8FE221251E600A2F0F7 /* WebUI.m in Sources */ = {isa = PBXBuildFile; fileRef = 2164F8FC221251E600A2F0F7 /* WebUI.m */; };
		2164F8FF221251E600A2F0F7 /* WebUI.xib in Resources */ = {isa = PBXBuildFile; fileRef = 2164F8FD221251E600A2F0F7 /* WebUI.xib */; };
		2164F9022212534200A2F0F7 /* WebKit.framework in Frameworks */ = {isa = PBXBuildFile; fileRef = 2164F9012212534100A2F0F7 /* WebKit.framework */; };
/* End PBXBuildFile section */

/* Begin PBXFileReference section */
		2130F17B2212681900DB4270 /* 1.html */ = {isa = PBXFileReference; fileEncoding = 4; lastKnownFileType = text.html; path = 1.html; sourceTree = "<group>"; };
		2164F8E2221251CC00A2F0F7 /* WKWebView.app */ = {isa = PBXFileReference; explicitFileType = wrapper.application; includeInIndex = 0; path = WKWebView.app; sourceTree = BUILT_PRODUCTS_DIR; };
		2164F8E5221251CC00A2F0F7 /* AppDelegate.h */ = {isa = PBXFileReference; lastKnownFileType = sourcecode.c.h; path = AppDelegate.h; sourceTree = "<group>"; };
		2164F8E6221251CC00A2F0F7 /* AppDelegate.m */ = {isa = PBXFileReference; lastKnownFileType = sourcecode.c.objc; path = AppDelegate.m; sourceTree = "<group>"; };
		2164F8E8221251CC00A2F0F7 /* ViewController.h */ = {isa = PBXFileReference; lastKnownFileType = sourcecode.c.h; path = ViewController.h; sourceTree = "<group>"; };
		2164F8E9221251CC00A2F0F7 /* ViewController.m */ = {isa = PBXFileReference; lastKnownFileType = sourcecode.c.objc; path = ViewController.m; sourceTree = "<group>"; };
		2164F8EC221251CC00A2F0F7 /* Base */ = {isa = PBXFileReference; lastKnownFileType = file.storyboard; name = Base; path = Base.lproj/Main.storyboard; sourceTree = "<group>"; };
		2164F8EE221251CC00A2F0F7 /* Assets.xcassets */ = {isa = PBXFileReference; lastKnownFileType = folder.assetcatalog; path = Assets.xcassets; sourceTree = "<group>"; };
		2164F8F1221251CC00A2F0F7 /* Base */ = {isa = PBXFileReference; lastKnownFileType = file.storyboard; name = Base; path = Base.lproj/LaunchScreen.storyboard; sourceTree = "<group>"; };
		2164F8F3221251CC00A2F0F7 /* Info.plist */ = {isa = PBXFileReference; lastKnownFileType = text.plist.xml; path = Info.plist; sourceTree = "<group>"; };
		2164F8F4221251CC00A2F0F7 /* main.m */ = {isa = PBXFileReference; lastKnownFileType = sourcecode.c.objc; path = main.m; sourceTree = "<group>"; };
		2164F8FB221251E600A2F0F7 /* WebUI.h */ = {isa = PBXFileReference; lastKnownFileType = sourcecode.c.h; path = WebUI.h; sourceTree = "<group>"; };
		2164F8FC221251E600A2F0F7 /* WebUI.m */ = {isa = PBXFileReference; lastKnownFileType = sourcecode.c.objc; path = WebUI.m; sourceTree = "<group>"; };
		2164F8FD221251E600A2F0F7 /* WebUI.xib */ = {isa = PBXFileReference; lastKnownFileType = file.xib; path = WebUI.xib; sourceTree = "<group>"; };
		2164F9012212534100A2F0F7 /* WebKit.framework */ = {isa = PBXFileReference; lastKnownFileType = wrapper.framework; name = WebKit.framework; path = System/Library/Frameworks/WebKit.framework; sourceTree = SDKROOT; };
/* End PBXFileReference section */

/* Begin PBXFrameworksBuildPhase section */
		2164F8DF221251CC00A2F0F7 /* Frameworks */ = {
			isa = PBXFrameworksBuildPhase;
			buildActionMask = 2147483647;
			files = (
				2164F9022212534200A2F0F7 /* WebKit.framework in Frameworks */,
			);
			runOnlyForDeploymentPostprocessing = 0;
		};
/* End PBXFrameworksBuildPhase section */

/* Begin PBXGroup section */
		2164F8D9221251CC00A2F0F7 = {
			isa = PBXGroup;
			children = (
				2164F8E4221251CC00A2F0F7 /* WKWebView */,
				2164F8E3221251CC00A2F0F7 /* Products */,
				2164F9002212534100A2F0F7 /* Frameworks */,
			);
			sourceTree = "<group>";
		};
		2164F8E3221251CC00A2F0F7 /* Products */ = {
			isa = PBXGroup;
			children = (
				2164F8E2221251CC00A2F0F7 /* WKWebView.app */,
			);
			name = Products;
			sourceTree = "<group>";
		};
		2164F8E4221251CC00A2F0F7 /* WKWebView */ = {
			isa = PBXGroup;
			children = (
				2164F8E5221251CC00A2F0F7 /* AppDelegate.h */,
				2164F8E6221251CC00A2F0F7 /* AppDelegate.m */,
				2164F8E8221251CC00A2F0F7 /* ViewController.h */,
				2164F8E9221251CC00A2F0F7 /* ViewController.m */,
				2164F8EB221251CC00A2F0F7 /* Main.storyboard */,
				2164F8EE221251CC00A2F0F7 /* Assets.xcassets */,
				2164F8F0221251CC00A2F0F7 /* LaunchScreen.storyboard */,
				2164F8F3221251CC00A2F0F7 /* Info.plist */,
				2164F8F4221251CC00A2F0F7 /* main.m */,
				2164F8FB221251E600A2F0F7 /* WebUI.h */,
				2164F8FC221251E600A2F0F7 /* WebUI.m */,
				2164F8FD221251E600A2F0F7 /* WebUI.xib */,
				2130F17B2212681900DB4270 /* 1.html */,
			);
			path = WKWebView;
			sourceTree = "<group>";
		};
		2164F9002212534100A2F0F7 /* Frameworks */ = {
			isa = PBXGroup;
			children = (
				2164F9012212534100A2F0F7 /* WebKit.framework */,
			);
			name = Frameworks;
			sourceTree = "<group>";
		};
/* End PBXGroup section */

/* Begin PBXNativeTarget section */
		2164F8E1221251CC00A2F0F7 /* WKWebView */ = {
			isa = PBXNativeTarget;
			buildConfigurationList = 2164F8F8221251CC00A2F0F7 /* Build configuration list for PBXNativeTarget "WKWebView" */;
			buildPhases = (
				2164F8DE221251CC00A2F0F7 /* Sources */,
				2164F8DF221251CC00A2F0F7 /* Frameworks */,
				2164F8E0221251CC00A2F0F7 /* Resources */,
			);
			buildRules = (
			);
			dependencies = (
			);
			name = WKWebView;
			productName = WKWebView;
			productReference = 2164F8E2221251CC00A2F0F7 /* WKWebView.app */;
			productType = "com.apple.product-type.application";
		};
/* End PBXNativeTarget section */

/* Begin PBXProject section */
		2164F8DA221251CC00A2F0F7 /* Project object */ = {
			isa = PBXProject;
			attributes = {
				LastUpgradeCheck = 0920;
				ORGANIZATIONNAME = Littlezheng;
				TargetAttributes = {
					2164F8E1221251CC00A2F0F7 = {
						CreatedOnToolsVersion = 9.2;
						ProvisioningStyle = Automatic;
					};
				};
			};
			buildConfigurationList = 2164F8DD221251CC00A2F0F7 /* Build configuration list for PBXProject "WKWebView" */;
			compatibilityVersion = "Xcode 8.0";
			developmentRegion = en;
			hasScannedForEncodings = 0;
			knownRegions = (
				en,
				Base,
			);
			mainGroup = 2164F8D9221251CC00A2F0F7;
			productRefGroup = 2164F8E3221251CC00A2F0F7 /* Products */;
			projectDirPath = "";
			projectRoot = "";
			targets = (
				2164F8E1221251CC00A2F0F7 /* WKWebView */,
			);
		};
/* End PBXProject section */

/* Begin PBXResourcesBuildPhase section */
		2164F8E0221251CC00A2F0F7 /* Resources */ = {
			isa = PBXResourcesBuildPhase;
			buildActionMask = 2147483647;
			files = (
				2130F17C2212681900DB4270 /* 1.html in Resources */,
				2164F8F2221251CC00A2F0F7 /* LaunchScreen.storyboard in Resources */,
				2164F8EF221251CC00A2F0F7 /* Assets.xcassets in Resources */,
				2164F8FF221251E600A2F0F7 /* WebUI.xib in Resources */,
				2164F8ED221251CC00A2F0F7 /* Main.storyboard in Resources */,
			);
			runOnlyForDeploymentPostprocessing = 0;
		};
/* End PBXResourcesBuildPhase section */

/* Begin PBXSourcesBuildPhase section */
		2164F8DE221251CC00A2F0F7 /* Sources */ = {
			isa = PBXSourcesBuildPhase;
			buildActionMask = 2147483647;
			files = (
				2164F8EA221251CC00A2F0F7 /* ViewController.m in Sources */,
				2164F8F5221251CC00A2F0F7 /* main.m in Sources */,
				2164F8FE221251E600A2F0F7 /* WebUI.m in Sources */,
				2164F8E7221251CC00A2F0F7 /* AppDelegate.m in Sources */,
			);
			runOnlyForDeploymentPostprocessing = 0;
		};
/* End PBXSourcesBuildPhase section */

/* Begin PBXVariantGroup section */
		2164F8EB221251CC00A2F0F7 /* Main.storyboard */ = {
			isa = PBXVariantGroup;
			children = (
				2164F8EC221251CC00A2F0F7 /* Base */,
			);
			name = Main.storyboard;
			sourceTree = "<group>";
		};
		2164F8F0221251CC00A2F0F7 /* LaunchScreen.storyboard */ = {
			isa = PBXVariantGroup;
			children = (
				2164F8F1221251CC00A2F0F7 /* Base */,
			);
			name = LaunchScreen.storyboard;
			sourceTree = "<group>";
		};
/* End PBXVariantGroup section */

/* Begin XCBuildConfiguration section */
		2164F8F6221251CC00A2F0F7 /* Debug */ = {
			isa = XCBuildConfiguration;
			buildSettings = {
				ALWAYS_SEARCH_USER_PATHS = NO;
				CLANG_ANALYZER_NONNULL = YES;
				CLANG_ANALYZER_NUMBER_OBJECT_CONVERSION = YES_AGGRESSIVE;
				CLANG_CXX_LANGUAGE_STANDARD = "gnu++14";
				CLANG_CXX_LIBRARY = "libc++";
				CLANG_ENABLE_MODULES = YES;
				CLANG_ENABLE_OBJC_ARC = YES;
				CLANG_WARN_BLOCK_CAPTURE_AUTORELEASING = YES;
				CLANG_WARN_BOOL_CONVERSION = YES;
				CLANG_WARN_COMMA = YES;
				CLANG_WARN_CONSTANT_CONVERSION = YES;
				CLANG_WARN_DIRECT_OBJC_ISA_USAGE = YES_ERROR;
				CLANG_WARN_DOCUMENTATION_COMMENTS = YES;
				CLANG_WARN_EMPTY_BODY = YES;
				CLANG_WARN_ENUM_CONVERSION = YES;
				CLANG_WARN_INFINITE_RECURSION = YES;
				CLANG_WARN_INT_CONVERSION = YES;
				CLANG_WARN_NON_LITERAL_NULL_CONVERSION = YES;
				CLANG_WARN_OBJC_LITERAL_CONVERSION = YES;
				CLANG_WARN_OBJC_ROOT_CLASS = YES_ERROR;
				CLANG_WARN_RANGE_LOOP_ANALYSIS = YES;
				CLANG_WARN_STRICT_PROTOTYPES = YES;
				CLANG_WARN_SUSPICIOUS_MOVE = YES;
				CLANG_WARN_UNGUARDED_AVAILABILITY = YES_AGGRESSIVE;
				CLANG_WARN_UNREACHABLE_CODE = YES;
				CLANG_WARN__DUPLICATE_METHOD_MATCH = YES;
				CODE_SIGN_IDENTITY = "iPhone Developer";
				COPY_PHASE_STRIP = NO;
				DEBUG_INFORMATION_FORMAT = dwarf;
				ENABLE_STRICT_OBJC_MSGSEND = YES;
				ENABLE_TESTABILITY = YES;
				GCC_C_LANGUAGE_STANDARD = gnu11;
				GCC_DYNAMIC_NO_PIC = NO;
				GCC_NO_COMMON_BLOCKS = YES;
				GCC_OPTIMIZATION_LEVEL = 0;
				GCC_PREPROCESSOR_DEFINITIONS = (
					"DEBUG=1",
					"$(inherited)",
				);
				GCC_WARN_64_TO_32_BIT_CONVERSION = YES;
				GCC_WARN_ABOUT_RETURN_TYPE = YES_ERROR;
				GCC_WARN_UNDECLARED_SELECTOR = YES;
				GCC_WARN_UNINITIALIZED_AUTOS = YES_AGGRESSIVE;
				GCC_WARN_UNUSED_FUNCTION = YES;
				GCC_WARN_UNUSED_VARIABLE = YES;
				IPHONEOS_DEPLOYMENT_TARGET = 11.2;
				MTL_ENABLE_DEBUG_INFO = YES;
				ONLY_ACTIVE_ARCH = YES;
				SDKROOT = iphoneos;
			};
			name = Debug;
		};
		2164F8F7221251CC00A2F0F7 /* Release */ = {
			isa = XCBuildConfiguration;
			buildSettings = {
				ALWAYS_SEARCH_USER_PATHS = NO;
				CLANG_ANALYZER_NONNULL = YES;
				CLANG_ANALYZER_NUMBER_OBJECT_CONVERSION = YES_AGGRESSIVE;
				CLANG_CXX_LANGUAGE_STANDARD = "gnu++14";
				CLANG_CXX_LIBRARY = "libc++";
				CLANG_ENABLE_MODULES = YES;
				CLANG_ENABLE_OBJC_ARC = YES;
				CLANG_WARN_BLOCK_CAPTURE_AUTORELEASING = YES;
				CLANG_WARN_BOOL_CONVERSION = YES;
				CLANG_WARN_COMMA = YES;
				CLANG_WARN_CONSTANT_CONVERSION = YES;
				CLANG_WARN_DIRECT_OBJC_ISA_USAGE = YES_ERROR;
				CLANG_WARN_DOCUMENTATION_COMMENTS = YES;
				CLANG_WARN_EMPTY_BODY = YES;
				CLANG_WARN_ENUM_CONVERSION = YES;
				CLANG_WARN_INFINITE_RECURSION = YES;
				CLANG_WARN_INT_CONVERSION = YES;
				CLANG_WARN_NON_LITERAL_NULL_CONVERSION = YES;
				CLANG_WARN_OBJC_LITERAL_CONVERSION = YES;
				CLANG_WARN_OBJC_ROOT_CLASS = YES_ERROR;
				CLANG_WARN_RANGE_LOOP_ANALYSIS = YES;
				CLANG_WARN_STRICT_PROTOTYPES = YES;
				CLANG_WARN_SUSPICIOUS_MOVE = YES;
				CLANG_WARN_UNGUARDED_AVAILABILITY = YES_AGGRESSIVE;
				CLANG_WARN_UNREACHABLE_CODE = YES;
				CLANG_WARN__DUPLICATE_METHOD_MATCH = YES;
				CODE_SIGN_IDENTITY = "iPhone Developer";
				COPY_PHASE_STRIP = NO;
				DEBUG_INFORMATION_FORMAT = "dwarf-with-dsym";
				ENABLE_NS_ASSERTIONS = NO;
				ENABLE_STRICT_OBJC_MSGSEND = YES;
				GCC_C_LANGUAGE_STANDARD = gnu11;
				GCC_NO_COMMON_BLOCKS = YES;
				GCC_WARN_64_TO_32_BIT_CONVERSION = YES;
				GCC_WARN_ABOUT_RETURN_TYPE = YES_ERROR;
				GCC_WARN_UNDECLARED_SELECTOR = YES;
				GCC_WARN_UNINITIALIZED_AUTOS = YES_AGGRESSIVE;
				GCC_WARN_UNUSED_FUNCTION = YES;
				GCC_WARN_UNUSED_VARIABLE = YES;
				IPHONEOS_DEPLOYMENT_TARGET = 11.2;
				MTL_ENABLE_DEBUG_INFO = NO;
				SDKROOT = iphoneos;
				VALIDATE_PRODUCT = YES;
			};
			name = Release;
		};
		2164F8F9221251CC00A2F0F7 /* Debug */ = {
			isa = XCBuildConfiguration;
			buildSettings = {
				ASSETCATALOG_COMPILER_APPICON_NAME = AppIcon;
				CODE_SIGN_STYLE = Automatic;
				DEVELOPMENT_TEAM = 7GF4MAFCST;
				INFOPLIST_FILE = WKWebView/Info.plist;
				LD_RUNPATH_SEARCH_PATHS = "$(inherited) @executable_path/Frameworks";
				PRODUCT_BUNDLE_IDENTIFIER = com.littlezheng.WKWebView;
				PRODUCT_NAME = "$(TARGET_NAME)";
				TARGETED_DEVICE_FAMILY = "1,2";
			};
			name = Debug;
		};
		2164F8FA221251CC00A2F0F7 /* Release */ = {
			isa = XCBuildConfiguration;
			buildSettings = {
				ASSETCATALOG_COMPILER_APPICON_NAME = AppIcon;
				CODE_SIGN_STYLE = Automatic;
				DEVELOPMENT_TEAM = 7GF4MAFCST;
				INFOPLIST_FILE = WKWebView/Info.plist;
				LD_RUNPATH_SEARCH_PATHS = "$(inherited) @executable_path/Frameworks";
				PRODUCT_BUNDLE_IDENTIFIER = com.littlezheng.WKWebView;
				PRODUCT_NAME = "$(TARGET_NAME)";
				TARGETED_DEVICE_FAMILY = "1,2";
			};
			name = Release;
		};
/* End XCBuildConfiguration section */

/* Begin XCConfigurationList section */
		2164F8DD221251CC00A2F0F7 /* Build configuration list for PBXProject "WKWebView" */ = {
			isa = XCConfigurationList;
			buildConfigurations = (
				2164F8F6221251CC00A2F0F7 /* Debug */,
				2164F8F7221251CC00A2F0F7 /* Release */,
			);
			defaultConfigurationIsVisible = 0;
			defaultConfigurationName = Release;
		};
		2164F8F8221251CC00A2F0F7 /* Build configuration list for PBXNativeTarget "WKWebView" */ = {
			isa = XCConfigurationList;
			buildConfigurations = (
				2164F8F9221251CC00A2F0F7 /* Debug */,
				2164F8FA221251CC00A2F0F7 /* Release */,
			);
			defaultConfigurationIsVisible = 0;
			defaultConfigurationName = Release;
		};
/* End XCConfigurationList section */
	};
	rootObject = 2164F8DA221251CC00A2F0F7 /* Project object */;
}
