// !$*UTF8*$!
{
	archiveVersion = 1;
	classes = {
	};
	objectVersion = 50;
	objects = {

/* Begin PBXBuildFile section */
		213557DE234C2263004CF12B /* MainUI.m in Sources */ = {isa = PBXBuildFile; fileRef = 213557DC234C2263004CF12B /* MainUI.m */; };
		213557DF234C2263004CF12B /* MainUI.xib in Resources */ = {isa = PBXBuildFile; fileRef = 213557DD234C2263004CF12B /* MainUI.xib */; };
		213557E2234D77BE004CF12B /* HttpUtil.m in Sources */ = {isa = PBXBuildFile; fileRef = 213557E1234D77BE004CF12B /* HttpUtil.m */; };
		213557E4234D79F9004CF12B /* Default-568h@2x.png in Resources */ = {isa = PBXBuildFile; fileRef = 213557E3234D79F9004CF12B /* Default-568h@2x.png */; };
		216FB81E234C1F9700A3084B /* AppDelegate.m in Sources */ = {isa = PBXBuildFile; fileRef = 216FB81D234C1F9700A3084B /* AppDelegate.m */; };
		216FB821234C1F9700A3084B /* ViewController.m in Sources */ = {isa = PBXBuildFile; fileRef = 216FB820234C1F9700A3084B /* ViewController.m */; };
		216FB826234C1F9A00A3084B /* Assets.xcassets in Resources */ = {isa = PBXBuildFile; fileRef = 216FB825234C1F9A00A3084B /* Assets.xcassets */; };
		216FB82C234C1F9A00A3084B /* main.m in Sources */ = {isa = PBXBuildFile; fileRef = 216FB82B234C1F9A00A3084B /* main.m */; };
		3D1996F664557195AF61D852 /* libPods-afDownload.a in Frameworks */ = {isa = PBXBuildFile; fileRef = E8D6A7F80083D5C62C4F0EF0 /* libPods-afDownload.a */; };
/* End PBXBuildFile section */

/* Begin PBXFileReference section */
		213557DB234C2263004CF12B /* MainUI.h */ = {isa = PBXFileReference; lastKnownFileType = sourcecode.c.h; path = MainUI.h; sourceTree = "<group>"; };
		213557DC234C2263004CF12B /* MainUI.m */ = {isa = PBXFileReference; lastKnownFileType = sourcecode.c.objc; path = MainUI.m; sourceTree = "<group>"; };
		213557DD234C2263004CF12B /* MainUI.xib */ = {isa = PBXFileReference; lastKnownFileType = file.xib; path = MainUI.xib; sourceTree = "<group>"; };
		213557E0234D77BE004CF12B /* HttpUtil.h */ = {isa = PBXFileReference; lastKnownFileType = sourcecode.c.h; path = HttpUtil.h; sourceTree = "<group>"; };
		213557E1234D77BE004CF12B /* HttpUtil.m */ = {isa = PBXFileReference; lastKnownFileType = sourcecode.c.objc; path = HttpUtil.m; sourceTree = "<group>"; };
		213557E3234D79F9004CF12B /* Default-568h@2x.png */ = {isa = PBXFileReference; lastKnownFileType = image.png; path = "Default-568h@2x.png"; sourceTree = "<group>"; };
		216FB819234C1F9700A3084B /* afDownload.app */ = {isa = PBXFileReference; explicitFileType = wrapper.application; includeInIndex = 0; path = afDownload.app; sourceTree = BUILT_PRODUCTS_DIR; };
		216FB81C234C1F9700A3084B /* AppDelegate.h */ = {isa = PBXFileReference; lastKnownFileType = sourcecode.c.h; path = AppDelegate.h; sourceTree = "<group>"; };
		216FB81D234C1F9700A3084B /* AppDelegate.m */ = {isa = PBXFileReference; lastKnownFileType = sourcecode.c.objc; path = AppDelegate.m; sourceTree = "<group>"; };
		216FB81F234C1F9700A3084B /* ViewController.h */ = {isa = PBXFileReference; lastKnownFileType = sourcecode.c.h; path = ViewController.h; sourceTree = "<group>"; };
		216FB820234C1F9700A3084B /* ViewController.m */ = {isa = PBXFileReference; lastKnownFileType = sourcecode.c.objc; path = ViewController.m; sourceTree = "<group>"; };
		216FB825234C1F9A00A3084B /* Assets.xcassets */ = {isa = PBXFileReference; lastKnownFileType = folder.assetcatalog; path = Assets.xcassets; sourceTree = "<group>"; };
		216FB82A234C1F9A00A3084B /* Info.plist */ = {isa = PBXFileReference; lastKnownFileType = text.plist.xml; path = Info.plist; sourceTree = "<group>"; };
		216FB82B234C1F9A00A3084B /* main.m */ = {isa = PBXFileReference; lastKnownFileType = sourcecode.c.objc; path = main.m; sourceTree = "<group>"; };
		7A77DCDD2A63AD1F56423EE1 /* Pods-afDownload.release.xcconfig */ = {isa = PBXFileReference; includeInIndex = 1; lastKnownFileType = text.xcconfig; name = "Pods-afDownload.release.xcconfig"; path = "Target Support Files/Pods-afDownload/Pods-afDownload.release.xcconfig"; sourceTree = "<group>"; };
		838711DB257F1ABA9FDF39E9 /* Pods-afDownload.debug.xcconfig */ = {isa = PBXFileReference; includeInIndex = 1; lastKnownFileType = text.xcconfig; name = "Pods-afDownload.debug.xcconfig"; path = "Target Support Files/Pods-afDownload/Pods-afDownload.debug.xcconfig"; sourceTree = "<group>"; };
		E8D6A7F80083D5C62C4F0EF0 /* libPods-afDownload.a */ = {isa = PBXFileReference; explicitFileType = archive.ar; includeInIndex = 0; path = "libPods-afDownload.a"; sourceTree = BUILT_PRODUCTS_DIR; };
/* End PBXFileReference section */

/* Begin PBXFrameworksBuildPhase section */
		216FB816234C1F9700A3084B /* Frameworks */ = {
			isa = PBXFrameworksBuildPhase;
			buildActionMask = 2147483647;
			files = (
				3D1996F664557195AF61D852 /* libPods-afDownload.a in Frameworks */,
			);
			runOnlyForDeploymentPostprocessing = 0;
		};
/* End PBXFrameworksBuildPhase section */

/* Begin PBXGroup section */
		216FB810234C1F9700A3084B = {
			isa = PBXGroup;
			children = (
				213557E3234D79F9004CF12B /* Default-568h@2x.png */,
				216FB81B234C1F9700A3084B /* afDownload */,
				216FB81A234C1F9700A3084B /* Products */,
				7DD847C0DEA2237F30AAA1CC /* Pods */,
				21CD0D479480BEEC7B1EACFE /* Frameworks */,
			);
			sourceTree = "<group>";
		};
		216FB81A234C1F9700A3084B /* Products */ = {
			isa = PBXGroup;
			children = (
				216FB819234C1F9700A3084B /* afDownload.app */,
			);
			name = Products;
			sourceTree = "<group>";
		};
		216FB81B234C1F9700A3084B /* afDownload */ = {
			isa = PBXGroup;
			children = (
				216FB81C234C1F9700A3084B /* AppDelegate.h */,
				216FB81D234C1F9700A3084B /* AppDelegate.m */,
				216FB81F234C1F9700A3084B /* ViewController.h */,
				216FB820234C1F9700A3084B /* ViewController.m */,
				216FB825234C1F9A00A3084B /* Assets.xcassets */,
				216FB82A234C1F9A00A3084B /* Info.plist */,
				216FB82B234C1F9A00A3084B /* main.m */,
				213557DB234C2263004CF12B /* MainUI.h */,
				213557DC234C2263004CF12B /* MainUI.m */,
				213557DD234C2263004CF12B /* MainUI.xib */,
				213557E0234D77BE004CF12B /* HttpUtil.h */,
				213557E1234D77BE004CF12B /* HttpUtil.m */,
			);
			path = afDownload;
			sourceTree = "<group>";
		};
		21CD0D479480BEEC7B1EACFE /* Frameworks */ = {
			isa = PBXGroup;
			children = (
				E8D6A7F80083D5C62C4F0EF0 /* libPods-afDownload.a */,
			);
			name = Frameworks;
			sourceTree = "<group>";
		};
		7DD847C0DEA2237F30AAA1CC /* Pods */ = {
			isa = PBXGroup;
			children = (
				838711DB257F1ABA9FDF39E9 /* Pods-afDownload.debug.xcconfig */,
				7A77DCDD2A63AD1F56423EE1 /* Pods-afDownload.release.xcconfig */,
			);
			path = Pods;
			sourceTree = "<group>";
		};
/* End PBXGroup section */

/* Begin PBXNativeTarget section */
		216FB818234C1F9700A3084B /* afDownload */ = {
			isa = PBXNativeTarget;
			buildConfigurationList = 216FB82F234C1F9A00A3084B /* Build configuration list for PBXNativeTarget "afDownload" */;
			buildPhases = (
				A46D92ABDAC1BF2EC2808EDC /* [CP] Check Pods Manifest.lock */,
				216FB815234C1F9700A3084B /* Sources */,
				216FB816234C1F9700A3084B /* Frameworks */,
				216FB817234C1F9700A3084B /* Resources */,
			);
			buildRules = (
			);
			dependencies = (
			);
			name = afDownload;
			productName = afDownload;
			productReference = 216FB819234C1F9700A3084B /* afDownload.app */;
			productType = "com.apple.product-type.application";
		};
/* End PBXNativeTarget section */

/* Begin PBXProject section */
		216FB811234C1F9700A3084B /* Project object */ = {
			isa = PBXProject;
			attributes = {
				LastUpgradeCheck = 1020;
				TargetAttributes = {
					216FB818234C1F9700A3084B = {
						CreatedOnToolsVersion = 10.2.1;
					};
				};
			};
			buildConfigurationList = 216FB814234C1F9700A3084B /* Build configuration list for PBXProject "afDownload" */;
			compatibilityVersion = "Xcode 9.3";
			developmentRegion = en;
			hasScannedForEncodings = 0;
			knownRegions = (
				en,
				Base,
			);
			mainGroup = 216FB810234C1F9700A3084B;
			productRefGroup = 216FB81A234C1F9700A3084B /* Products */;
			projectDirPath = "";
			projectRoot = "";
			targets = (
				216FB818234C1F9700A3084B /* afDownload */,
			);
		};
/* End PBXProject section */

/* Begin PBXResourcesBuildPhase section */
		216FB817234C1F9700A3084B /* Resources */ = {
			isa = PBXResourcesBuildPhase;
			buildActionMask = 2147483647;
			files = (
				216FB826234C1F9A00A3084B /* Assets.xcassets in Resources */,
				213557DF234C2263004CF12B /* MainUI.xib in Resources */,
				213557E4234D79F9004CF12B /* Default-568h@2x.png in Resources */,
			);
			runOnlyForDeploymentPostprocessing = 0;
		};
/* End PBXResourcesBuildPhase section */

/* Begin PBXShellScriptBuildPhase section */
		A46D92ABDAC1BF2EC2808EDC /* [CP] Check Pods Manifest.lock */ = {
			isa = PBXShellScriptBuildPhase;
			buildActionMask = 2147483647;
			files = (
			);
			inputFileListPaths = (
			);
			inputPaths = (
				"${PODS_PODFILE_DIR_PATH}/Podfile.lock",
				"${PODS_ROOT}/Manifest.lock",
			);
			name = "[CP] Check Pods Manifest.lock";
			outputFileListPaths = (
			);
			outputPaths = (
				"$(DERIVED_FILE_DIR)/Pods-afDownload-checkManifestLockResult.txt",
			);
			runOnlyForDeploymentPostprocessing = 0;
			shellPath = /bin/sh;
			shellScript = "diff \"${PODS_PODFILE_DIR_PATH}/Podfile.lock\" \"${PODS_ROOT}/Manifest.lock\" > /dev/null\nif [ $? != 0 ] ; then\n    # print error to STDERR\n    echo \"error: The sandbox is not in sync with the Podfile.lock. Run 'pod install' or update your CocoaPods installation.\" >&2\n    exit 1\nfi\n# This output is used by Xcode 'outputs' to avoid re-running this script phase.\necho \"SUCCESS\" > \"${SCRIPT_OUTPUT_FILE_0}\"\n";
			showEnvVarsInLog = 0;
		};
/* End PBXShellScriptBuildPhase section */

/* Begin PBXSourcesBuildPhase section */
		216FB815234C1F9700A3084B /* Sources */ = {
			isa = PBXSourcesBuildPhase;
			buildActionMask = 2147483647;
			files = (
				216FB821234C1F9700A3084B /* ViewController.m in Sources */,
				216FB82C234C1F9A00A3084B /* main.m in Sources */,
				213557DE234C2263004CF12B /* MainUI.m in Sources */,
				216FB81E234C1F9700A3084B /* AppDelegate.m in Sources */,
				213557E2234D77BE004CF12B /* HttpUtil.m in Sources */,
			);
			runOnlyForDeploymentPostprocessing = 0;
		};
/* End PBXSourcesBuildPhase section */

/* Begin XCBuildConfiguration section */
		216FB82D234C1F9A00A3084B /* Debug */ = {
			isa = XCBuildConfiguration;
			buildSettings = {
				ALWAYS_SEARCH_USER_PATHS = NO;
				CLANG_ANALYZER_NONNULL = YES;
				CLANG_ANALYZER_NUMBER_OBJECT_CONVERSION = YES_AGGRESSIVE;
				CLANG_CXX_LANGUAGE_STANDARD = "gnu++14";
				CLANG_CXX_LIBRARY = "libc++";
				CLANG_ENABLE_MODULES = YES;
				CLANG_ENABLE_OBJC_ARC = YES;
				CLANG_ENABLE_OBJC_WEAK = YES;
				CLANG_WARN_BLOCK_CAPTURE_AUTORELEASING = YES;
				CLANG_WARN_BOOL_CONVERSION = YES;
				CLANG_WARN_COMMA = YES;
				CLANG_WARN_CONSTANT_CONVERSION = YES;
				CLANG_WARN_DEPRECATED_OBJC_IMPLEMENTATIONS = YES;
				CLANG_WARN_DIRECT_OBJC_ISA_USAGE = YES_ERROR;
				CLANG_WARN_DOCUMENTATION_COMMENTS = YES;
				CLANG_WARN_EMPTY_BODY = YES;
				CLANG_WARN_ENUM_CONVERSION = YES;
				CLANG_WARN_INFINITE_RECURSION = YES;
				CLANG_WARN_INT_CONVERSION = YES;
				CLANG_WARN_NON_LITERAL_NULL_CONVERSION = YES;
				CLANG_WARN_OBJC_IMPLICIT_RETAIN_SELF = YES;
				CLANG_WARN_OBJC_LITERAL_CONVERSION = YES;
				CLANG_WARN_OBJC_ROOT_CLASS = YES_ERROR;
				CLANG_WARN_RANGE_LOOP_ANALYSIS = YES;
				CLANG_WARN_STRICT_PROTOTYPES = YES;
				CLANG_WARN_SUSPICIOUS_MOVE = YES;
				CLANG_WARN_UNGUARDED_AVAILABILITY = YES_AGGRESSIVE;
				CLANG_WARN_UNREACHABLE_CODE = YES;
				CLANG_WARN__DUPLICATE_METHOD_MATCH = YES;
				CODE_SIGN_IDENTITY = "iPhone Developer";
				COPY_PHASE_STRIP = NO;
				DEBUG_INFORMATION_FORMAT = dwarf;
				ENABLE_STRICT_OBJC_MSGSEND = YES;
				ENABLE_TESTABILITY = YES;
				GCC_C_LANGUAGE_STANDARD = gnu11;
				GCC_DYNAMIC_NO_PIC = NO;
				GCC_NO_COMMON_BLOCKS = YES;
				GCC_OPTIMIZATION_LEVEL = 0;
				GCC_PREPROCESSOR_DEFINITIONS = (
					"DEBUG=1",
					"$(inherited)",
				);
				GCC_WARN_64_TO_32_BIT_CONVERSION = YES;
				GCC_WARN_ABOUT_RETURN_TYPE = YES_ERROR;
				GCC_WARN_UNDECLARED_SELECTOR = YES;
				GCC_WARN_UNINITIALIZED_AUTOS = YES_AGGRESSIVE;
				GCC_WARN_UNUSED_FUNCTION = YES;
				GCC_WARN_UNUSED_VARIABLE = YES;
				IPHONEOS_DEPLOYMENT_TARGET = 12.2;
				MTL_ENABLE_DEBUG_INFO = INCLUDE_SOURCE;
				MTL_FAST_MATH = YES;
				ONLY_ACTIVE_ARCH = YES;
				SDKROOT = iphoneos;
			};
			name = Debug;
		};
		216FB82E234C1F9A00A3084B /* Release */ = {
			isa = XCBuildConfiguration;
			buildSettings = {
				ALWAYS_SEARCH_USER_PATHS = NO;
				CLANG_ANALYZER_NONNULL = YES;
				CLANG_ANALYZER_NUMBER_OBJECT_CONVERSION = YES_AGGRESSIVE;
				CLANG_CXX_LANGUAGE_STANDARD = "gnu++14";
				CLANG_CXX_LIBRARY = "libc++";
				CLANG_ENABLE_MODULES = YES;
				CLANG_ENABLE_OBJC_ARC = YES;
				CLANG_ENABLE_OBJC_WEAK = YES;
				CLANG_WARN_BLOCK_CAPTURE_AUTORELEASING = YES;
				CLANG_WARN_BOOL_CONVERSION = YES;
				CLANG_WARN_COMMA = YES;
				CLANG_WARN_CONSTANT_CONVERSION = YES;
				CLANG_WARN_DEPRECATED_OBJC_IMPLEMENTATIONS = YES;
				CLANG_WARN_DIRECT_OBJC_ISA_USAGE = YES_ERROR;
				CLANG_WARN_DOCUMENTATION_COMMENTS = YES;
				CLANG_WARN_EMPTY_BODY = YES;
				CLANG_WARN_ENUM_CONVERSION = YES;
				CLANG_WARN_INFINITE_RECURSION = YES;
				CLANG_WARN_INT_CONVERSION = YES;
				CLANG_WARN_NON_LITERAL_NULL_CONVERSION = YES;
				CLANG_WARN_OBJC_IMPLICIT_RETAIN_SELF = YES;
				CLANG_WARN_OBJC_LITERAL_CONVERSION = YES;
				CLANG_WARN_OBJC_ROOT_CLASS = YES_ERROR;
				CLANG_WARN_RANGE_LOOP_ANALYSIS = YES;
				CLANG_WARN_STRICT_PROTOTYPES = YES;
				CLANG_WARN_SUSPICIOUS_MOVE = YES;
				CLANG_WARN_UNGUARDED_AVAILABILITY = YES_AGGRESSIVE;
				CLANG_WARN_UNREACHABLE_CODE = YES;
				CLANG_WARN__DUPLICATE_METHOD_MATCH = YES;
				CODE_SIGN_IDENTITY = "iPhone Developer";
				COPY_PHASE_STRIP = NO;
				DEBUG_INFORMATION_FORMAT = "dwarf-with-dsym";
				ENABLE_NS_ASSERTIONS = NO;
				ENABLE_STRICT_OBJC_MSGSEND = YES;
				GCC_C_LANGUAGE_STANDARD = gnu11;
				GCC_NO_COMMON_BLOCKS = YES;
				GCC_WARN_64_TO_32_BIT_CONVERSION = YES;
				GCC_WARN_ABOUT_RETURN_TYPE = YES_ERROR;
				GCC_WARN_UNDECLARED_SELECTOR = YES;
				GCC_WARN_UNINITIALIZED_AUTOS = YES_AGGRESSIVE;
				GCC_WARN_UNUSED_FUNCTION = YES;
				GCC_WARN_UNUSED_VARIABLE = YES;
				IPHONEOS_DEPLOYMENT_TARGET = 12.2;
				MTL_ENABLE_DEBUG_INFO = NO;
				MTL_FAST_MATH = YES;
				SDKROOT = iphoneos;
				VALIDATE_PRODUCT = YES;
			};
			name = Release;
		};
		216FB830234C1F9A00A3084B /* Debug */ = {
			isa = XCBuildConfiguration;
			baseConfigurationReference = 838711DB257F1ABA9FDF39E9 /* Pods-afDownload.debug.xcconfig */;
			buildSettings = {
				ASSETCATALOG_COMPILER_APPICON_NAME = AppIcon;
				CODE_SIGN_STYLE = Automatic;
				DEVELOPMENT_TEAM = M2CNFQQ6FY;
				INFOPLIST_FILE = afDownload/Info.plist;
				LD_RUNPATH_SEARCH_PATHS = (
					"$(inherited)",
					"@executable_path/Frameworks",
				);
				PRODUCT_BUNDLE_IDENTIFIER = com.xpzheng.afDownload;
				PRODUCT_NAME = "$(TARGET_NAME)";
				TARGETED_DEVICE_FAMILY = "1,2";
			};
			name = Debug;
		};
		216FB831234C1F9A00A3084B /* Release */ = {
			isa = XCBuildConfiguration;
			baseConfigurationReference = 7A77DCDD2A63AD1F56423EE1 /* Pods-afDownload.release.xcconfig */;
			buildSettings = {
				ASSETCATALOG_COMPILER_APPICON_NAME = AppIcon;
				CODE_SIGN_STYLE = Automatic;
				DEVELOPMENT_TEAM = M2CNFQQ6FY;
				INFOPLIST_FILE = afDownload/Info.plist;
				LD_RUNPATH_SEARCH_PATHS = (
					"$(inherited)",
					"@executable_path/Frameworks",
				);
				PRODUCT_BUNDLE_IDENTIFIER = com.xpzheng.afDownload;
				PRODUCT_NAME = "$(TARGET_NAME)";
				TARGETED_DEVICE_FAMILY = "1,2";
			};
			name = Release;
		};
/* End XCBuildConfiguration section */

/* Begin XCConfigurationList section */
		216FB814234C1F9700A3084B /* Build configuration list for PBXProject "afDownload" */ = {
			isa = XCConfigurationList;
			buildConfigurations = (
				216FB82D234C1F9A00A3084B /* Debug */,
				216FB82E234C1F9A00A3084B /* Release */,
			);
			defaultConfigurationIsVisible = 0;
			defaultConfigurationName = Release;
		};
		216FB82F234C1F9A00A3084B /* Build configuration list for PBXNativeTarget "afDownload" */ = {
			isa = XCConfigurationList;
			buildConfigurations = (
				216FB830234C1F9A00A3084B /* Debug */,
				216FB831234C1F9A00A3084B /* Release */,
			);
			defaultConfigurationIsVisible = 0;
			defaultConfigurationName = Release;
		};
/* End XCConfigurationList section */
	};
	rootObject = 216FB811234C1F9700A3084B /* Project object */;
}
