// !$*UTF8*$!
{
	archiveVersion = 1;
	classes = {
	};
	objectVersion = 48;
	objects = {

/* Begin PBXBuildFile section */
		210EA3F02215002D005B9409 /* AppDelegate.m in Sources */ = {isa = PBXBuildFile; fileRef = 210EA3EF2215002D005B9409 /* AppDelegate.m */; };
		210EA3F82215002E005B9409 /* Assets.xcassets in Resources */ = {isa = PBXBuildFile; fileRef = 210EA3F72215002E005B9409 /* Assets.xcassets */; };
		210EA3FB2215002E005B9409 /* LaunchScreen.storyboard in Resources */ = {isa = PBXBuildFile; fileRef = 210EA3F92215002E005B9409 /* LaunchScreen.storyboard */; };
		210EA3FE2215002E005B9409 /* main.m in Sources */ = {isa = PBXBuildFile; fileRef = 210EA3FD2215002E005B9409 /* main.m */; };
		210EA40722150056005B9409 /* MainUI.m in Sources */ = {isa = PBXBuildFile; fileRef = 210EA40522150056005B9409 /* MainUI.m */; };
		210EA40822150056005B9409 /* MainUI.xib in Resources */ = {isa = PBXBuildFile; fileRef = 210EA40622150056005B9409 /* MainUI.xib */; };
/* End PBXBuildFile section */

/* Begin PBXFileReference section */
		210EA3EB2215002D005B9409 /* Store-UserDefaults.app */ = {isa = PBXFileReference; explicitFileType = wrapper.application; includeInIndex = 0; path = "Store-UserDefaults.app"; sourceTree = BUILT_PRODUCTS_DIR; };
		210EA3EE2215002D005B9409 /* AppDelegate.h */ = {isa = PBXFileReference; lastKnownFileType = sourcecode.c.h; path = AppDelegate.h; sourceTree = "<group>"; };
		210EA3EF2215002D005B9409 /* AppDelegate.m */ = {isa = PBXFileReference; lastKnownFileType = sourcecode.c.objc; path = AppDelegate.m; sourceTree = "<group>"; };
		210EA3F72215002E005B9409 /* Assets.xcassets */ = {isa = PBXFileReference; lastKnownFileType = folder.assetcatalog; path = Assets.xcassets; sourceTree = "<group>"; };
		210EA3FA2215002E005B9409 /* Base */ = {isa = PBXFileReference; lastKnownFileType = file.storyboard; name = Base; path = Base.lproj/LaunchScreen.storyboard; sourceTree = "<group>"; };
		210EA3FC2215002E005B9409 /* Info.plist */ = {isa = PBXFileReference; lastKnownFileType = text.plist.xml; path = Info.plist; sourceTree = "<group>"; };
		210EA3FD2215002E005B9409 /* main.m */ = {isa = PBXFileReference; lastKnownFileType = sourcecode.c.objc; path = main.m; sourceTree = "<group>"; };
		210EA40422150056005B9409 /* MainUI.h */ = {isa = PBXFileReference; lastKnownFileType = sourcecode.c.h; path = MainUI.h; sourceTree = "<group>"; };
		210EA40522150056005B9409 /* MainUI.m */ = {isa = PBXFileReference; lastKnownFileType = sourcecode.c.objc; path = MainUI.m; sourceTree = "<group>"; };
		210EA40622150056005B9409 /* MainUI.xib */ = {isa = PBXFileReference; lastKnownFileType = file.xib; path = MainUI.xib; sourceTree = "<group>"; };
/* End PBXFileReference section */

/* Begin PBXFrameworksBuildPhase section */
		210EA3E82215002D005B9409 /* Frameworks */ = {
			isa = PBXFrameworksBuildPhase;
			buildActionMask = 2147483647;
			files = (
			);
			runOnlyForDeploymentPostprocessing = 0;
		};
/* End PBXFrameworksBuildPhase section */

/* Begin PBXGroup section */
		210EA3E22215002D005B9409 = {
			isa = PBXGroup;
			children = (
				210EA3ED2215002D005B9409 /* Store-UserDefaults */,
				210EA3EC2215002D005B9409 /* Products */,
			);
			sourceTree = "<group>";
		};
		210EA3EC2215002D005B9409 /* Products */ = {
			isa = PBXGroup;
			children = (
				210EA3EB2215002D005B9409 /* Store-UserDefaults.app */,
			);
			name = Products;
			sourceTree = "<group>";
		};
		210EA3ED2215002D005B9409 /* Store-UserDefaults */ = {
			isa = PBXGroup;
			children = (
				210EA3EE2215002D005B9409 /* AppDelegate.h */,
				210EA3EF2215002D005B9409 /* AppDelegate.m */,
				210EA3F72215002E005B9409 /* Assets.xcassets */,
				210EA3F92215002E005B9409 /* LaunchScreen.storyboard */,
				210EA3FC2215002E005B9409 /* Info.plist */,
				210EA3FD2215002E005B9409 /* main.m */,
				210EA40422150056005B9409 /* MainUI.h */,
				210EA40522150056005B9409 /* MainUI.m */,
				210EA40622150056005B9409 /* MainUI.xib */,
			);
			path = "Store-UserDefaults";
			sourceTree = "<group>";
		};
/* End PBXGroup section */

/* Begin PBXNativeTarget section */
		210EA3EA2215002D005B9409 /* Store-UserDefaults */ = {
			isa = PBXNativeTarget;
			buildConfigurationList = 210EA4012215002E005B9409 /* Build configuration list for PBXNativeTarget "Store-UserDefaults" */;
			buildPhases = (
				210EA3E72215002D005B9409 /* Sources */,
				210EA3E82215002D005B9409 /* Frameworks */,
				210EA3E92215002D005B9409 /* Resources */,
			);
			buildRules = (
			);
			dependencies = (
			);
			name = "Store-UserDefaults";
			productName = "Store-UserDefaults";
			productReference = 210EA3EB2215002D005B9409 /* Store-UserDefaults.app */;
			productType = "com.apple.product-type.application";
		};
/* End PBXNativeTarget section */

/* Begin PBXProject section */
		210EA3E32215002D005B9409 /* Project object */ = {
			isa = PBXProject;
			attributes = {
				LastUpgradeCheck = 0920;
				ORGANIZATIONNAME = Littlezheng;
				TargetAttributes = {
					210EA3EA2215002D005B9409 = {
						CreatedOnToolsVersion = 9.2;
						ProvisioningStyle = Automatic;
					};
				};
			};
			buildConfigurationList = 210EA3E62215002D005B9409 /* Build configuration list for PBXProject "Store-UserDefaults" */;
			compatibilityVersion = "Xcode 8.0";
			developmentRegion = en;
			hasScannedForEncodings = 0;
			knownRegions = (
				en,
				Base,
			);
			mainGroup = 210EA3E22215002D005B9409;
			productRefGroup = 210EA3EC2215002D005B9409 /* Products */;
			projectDirPath = "";
			projectRoot = "";
			targets = (
				210EA3EA2215002D005B9409 /* Store-UserDefaults */,
			);
		};
/* End PBXProject section */

/* Begin PBXResourcesBuildPhase section */
		210EA3E92215002D005B9409 /* Resources */ = {
			isa = PBXResourcesBuildPhase;
			buildActionMask = 2147483647;
			files = (
				210EA3FB2215002E005B9409 /* LaunchScreen.storyboard in Resources */,
				210EA3F82215002E005B9409 /* Assets.xcassets in Resources */,
				210EA40822150056005B9409 /* MainUI.xib in Resources */,
			);
			runOnlyForDeploymentPostprocessing = 0;
		};
/* End PBXResourcesBuildPhase section */

/* Begin PBXSourcesBuildPhase section */
		210EA3E72215002D005B9409 /* Sources */ = {
			isa = PBXSourcesBuildPhase;
			buildActionMask = 2147483647;
			files = (
				210EA3FE2215002E005B9409 /* main.m in Sources */,
				210EA3F02215002D005B9409 /* AppDelegate.m in Sources */,
				210EA40722150056005B9409 /* MainUI.m in Sources */,
			);
			runOnlyForDeploymentPostprocessing = 0;
		};
/* End PBXSourcesBuildPhase section */

/* Begin PBXVariantGroup section */
		210EA3F92215002E005B9409 /* LaunchScreen.storyboard */ = {
			isa = PBXVariantGroup;
			children = (
				210EA3FA2215002E005B9409 /* Base */,
			);
			name = LaunchScreen.storyboard;
			sourceTree = "<group>";
		};
/* End PBXVariantGroup section */

/* Begin XCBuildConfiguration section */
		210EA3FF2215002E005B9409 /* Debug */ = {
			isa = XCBuildConfiguration;
			buildSettings = {
				ALWAYS_SEARCH_USER_PATHS = NO;
				CLANG_ANALYZER_NONNULL = YES;
				CLANG_ANALYZER_NUMBER_OBJECT_CONVERSION = YES_AGGRESSIVE;
				CLANG_CXX_LANGUAGE_STANDARD = "gnu++14";
				CLANG_CXX_LIBRARY = "libc++";
				CLANG_ENABLE_MODULES = YES;
				CLANG_ENABLE_OBJC_ARC = YES;
				CLANG_WARN_BLOCK_CAPTURE_AUTORELEASING = YES;
				CLANG_WARN_BOOL_CONVERSION = YES;
				CLANG_WARN_COMMA = YES;
				CLANG_WARN_CONSTANT_CONVERSION = YES;
				CLANG_WARN_DIRECT_OBJC_ISA_USAGE = YES_ERROR;
				CLANG_WARN_DOCUMENTATION_COMMENTS = YES;
				CLANG_WARN_EMPTY_BODY = YES;
				CLANG_WARN_ENUM_CONVERSION = YES;
				CLANG_WARN_INFINITE_RECURSION = YES;
				CLANG_WARN_INT_CONVERSION = YES;
				CLANG_WARN_NON_LITERAL_NULL_CONVERSION = YES;
				CLANG_WARN_OBJC_LITERAL_CONVERSION = YES;
				CLANG_WARN_OBJC_ROOT_CLASS = YES_ERROR;
				CLANG_WARN_RANGE_LOOP_ANALYSIS = YES;
				CLANG_WARN_STRICT_PROTOTYPES = YES;
				CLANG_WARN_SUSPICIOUS_MOVE = YES;
				CLANG_WARN_UNGUARDED_AVAILABILITY = YES_AGGRESSIVE;
				CLANG_WARN_UNREACHABLE_CODE = YES;
				CLANG_WARN__DUPLICATE_METHOD_MATCH = YES;
				CODE_SIGN_IDENTITY = "iPhone Developer";
				COPY_PHASE_STRIP = NO;
				DEBUG_INFORMATION_FORMAT = dwarf;
				ENABLE_STRICT_OBJC_MSGSEND = YES;
				ENABLE_TESTABILITY = YES;
				GCC_C_LANGUAGE_STANDARD = gnu11;
				GCC_DYNAMIC_NO_PIC = NO;
				GCC_NO_COMMON_BLOCKS = YES;
				GCC_OPTIMIZATION_LEVEL = 0;
				GCC_PREPROCESSOR_DEFINITIONS = (
					"DEBUG=1",
					"$(inherited)",
				);
				GCC_WARN_64_TO_32_BIT_CONVERSION = YES;
				GCC_WARN_ABOUT_RETURN_TYPE = YES_ERROR;
				GCC_WARN_UNDECLARED_SELECTOR = YES;
				GCC_WARN_UNINITIALIZED_AUTOS = YES_AGGRESSIVE;
				GCC_WARN_UNUSED_FUNCTION = YES;
				GCC_WARN_UNUSED_VARIABLE = YES;
				IPHONEOS_DEPLOYMENT_TARGET = 11.2;
				MTL_ENABLE_DEBUG_INFO = YES;
				ONLY_ACTIVE_ARCH = YES;
				SDKROOT = iphoneos;
			};
			name = Debug;
		};
		210EA4002215002E005B9409 /* Release */ = {
			isa = XCBuildConfiguration;
			buildSettings = {
				ALWAYS_SEARCH_USER_PATHS = NO;
				CLANG_ANALYZER_NONNULL = YES;
				CLANG_ANALYZER_NUMBER_OBJECT_CONVERSION = YES_AGGRESSIVE;
				CLANG_CXX_LANGUAGE_STANDARD = "gnu++14";
				CLANG_CXX_LIBRARY = "libc++";
				CLANG_ENABLE_MODULES = YES;
				CLANG_ENABLE_OBJC_ARC = YES;
				CLANG_WARN_BLOCK_CAPTURE_AUTORELEASING = YES;
				CLANG_WARN_BOOL_CONVERSION = YES;
				CLANG_WARN_COMMA = YES;
				CLANG_WARN_CONSTANT_CONVERSION = YES;
				CLANG_WARN_DIRECT_OBJC_ISA_USAGE = YES_ERROR;
				CLANG_WARN_DOCUMENTATION_COMMENTS = YES;
				CLANG_WARN_EMPTY_BODY = YES;
				CLANG_WARN_ENUM_CONVERSION = YES;
				CLANG_WARN_INFINITE_RECURSION = YES;
				CLANG_WARN_INT_CONVERSION = YES;
				CLANG_WARN_NON_LITERAL_NULL_CONVERSION = YES;
				CLANG_WARN_OBJC_LITERAL_CONVERSION = YES;
				CLANG_WARN_OBJC_ROOT_CLASS = YES_ERROR;
				CLANG_WARN_RANGE_LOOP_ANALYSIS = YES;
				CLANG_WARN_STRICT_PROTOTYPES = YES;
				CLANG_WARN_SUSPICIOUS_MOVE = YES;
				CLANG_WARN_UNGUARDED_AVAILABILITY = YES_AGGRESSIVE;
				CLANG_WARN_UNREACHABLE_CODE = YES;
				CLANG_WARN__DUPLICATE_METHOD_MATCH = YES;
				CODE_SIGN_IDENTITY = "iPhone Developer";
				COPY_PHASE_STRIP = NO;
				DEBUG_INFORMATION_FORMAT = "dwarf-with-dsym";
				ENABLE_NS_ASSERTIONS = NO;
				ENABLE_STRICT_OBJC_MSGSEND = YES;
				GCC_C_LANGUAGE_STANDARD = gnu11;
				GCC_NO_COMMON_BLOCKS = YES;
				GCC_WARN_64_TO_32_BIT_CONVERSION = YES;
				GCC_WARN_ABOUT_RETURN_TYPE = YES_ERROR;
				GCC_WARN_UNDECLARED_SELECTOR = YES;
				GCC_WARN_UNINITIALIZED_AUTOS = YES_AGGRESSIVE;
				GCC_WARN_UNUSED_FUNCTION = YES;
				GCC_WARN_UNUSED_VARIABLE = YES;
				IPHONEOS_DEPLOYMENT_TARGET = 11.2;
				MTL_ENABLE_DEBUG_INFO = NO;
				SDKROOT = iphoneos;
				VALIDATE_PRODUCT = YES;
			};
			name = Release;
		};
		210EA4022215002E005B9409 /* Debug */ = {
			isa = XCBuildConfiguration;
			buildSettings = {
				ASSETCATALOG_COMPILER_APPICON_NAME = AppIcon;
				CODE_SIGN_STYLE = Automatic;
				DEVELOPMENT_TEAM = 7GF4MAFCST;
				INFOPLIST_FILE = "Store-UserDefaults/Info.plist";
				LD_RUNPATH_SEARCH_PATHS = "$(inherited) @executable_path/Frameworks";
				PRODUCT_BUNDLE_IDENTIFIER = "com.littlezheng.Store-UserDefaults";
				PRODUCT_NAME = "$(TARGET_NAME)";
				TARGETED_DEVICE_FAMILY = "1,2";
			};
			name = Debug;
		};
		210EA4032215002E005B9409 /* Release */ = {
			isa = XCBuildConfiguration;
			buildSettings = {
				ASSETCATALOG_COMPILER_APPICON_NAME = AppIcon;
				CODE_SIGN_STYLE = Automatic;
				DEVELOPMENT_TEAM = 7GF4MAFCST;
				INFOPLIST_FILE = "Store-UserDefaults/Info.plist";
				LD_RUNPATH_SEARCH_PATHS = "$(inherited) @executable_path/Frameworks";
				PRODUCT_BUNDLE_IDENTIFIER = "com.littlezheng.Store-UserDefaults";
				PRODUCT_NAME = "$(TARGET_NAME)";
				TARGETED_DEVICE_FAMILY = "1,2";
			};
			name = Release;
		};
/* End XCBuildConfiguration section */

/* Begin XCConfigurationList section */
		210EA3E62215002D005B9409 /* Build configuration list for PBXProject "Store-UserDefaults" */ = {
			isa = XCConfigurationList;
			buildConfigurations = (
				210EA3FF2215002E005B9409 /* Debug */,
				210EA4002215002E005B9409 /* Release */,
			);
			defaultConfigurationIsVisible = 0;
			defaultConfigurationName = Release;
		};
		210EA4012215002E005B9409 /* Build configuration list for PBXNativeTarget "Store-UserDefaults" */ = {
			isa = XCConfigurationList;
			buildConfigurations = (
				210EA4022215002E005B9409 /* Debug */,
				210EA4032215002E005B9409 /* Release */,
			);
			defaultConfigurationIsVisible = 0;
			defaultConfigurationName = Release;
		};
/* End XCConfigurationList section */
	};
	rootObject = 210EA3E32215002D005B9409 /* Project object */;
}
