// !$*UTF8*$!
{
	archiveVersion = 1;
	classes = {
	};
	objectVersion = 48;
	objects = {

/* Begin PBXBuildFile section */
		210EA3D72213F2CA005B9409 /* ProfileTableViewCell.m in Sources */ = {isa = PBXBuildFile; fileRef = 210EA3D62213F2CA005B9409 /* ProfileTableViewCell.m */; };
		210EA3D9221407E7005B9409 /* ProfileTableViewCell.xib in Resources */ = {isa = PBXBuildFile; fileRef = 210EA3D8221407E7005B9409 /* ProfileTableViewCell.xib */; };
		21EEFB6B2206C830002CE884 /* AppDelegate.m in Sources */ = {isa = PBXBuildFile; fileRef = 21EEFB6A2206C830002CE884 /* AppDelegate.m */; };
		21EEFB732206C830002CE884 /* Assets.xcassets in Resources */ = {isa = PBXBuildFile; fileRef = 21EEFB722206C830002CE884 /* Assets.xcassets */; };
		21EEFB762206C830002CE884 /* LaunchScreen.storyboard in Resources */ = {isa = PBXBuildFile; fileRef = 21EEFB742206C830002CE884 /* LaunchScreen.storyboard */; };
		21EEFB792206C830002CE884 /* main.m in Sources */ = {isa = PBXBuildFile; fileRef = 21EEFB782206C830002CE884 /* main.m */; };
		21EEFB822206C851002CE884 /* TableUI.m in Sources */ = {isa = PBXBuildFile; fileRef = 21EEFB802206C851002CE884 /* TableUI.m */; };
		21EEFB832206C851002CE884 /* TableUI.xib in Resources */ = {isa = PBXBuildFile; fileRef = 21EEFB812206C851002CE884 /* TableUI.xib */; };
/* End PBXBuildFile section */

/* Begin PBXFileReference section */
		210EA3D52213F2CA005B9409 /* ProfileTableViewCell.h */ = {isa = PBXFileReference; lastKnownFileType = sourcecode.c.h; path = ProfileTableViewCell.h; sourceTree = "<group>"; };
		210EA3D62213F2CA005B9409 /* ProfileTableViewCell.m */ = {isa = PBXFileReference; lastKnownFileType = sourcecode.c.objc; path = ProfileTableViewCell.m; sourceTree = "<group>"; };
		210EA3D8221407E7005B9409 /* ProfileTableViewCell.xib */ = {isa = PBXFileReference; lastKnownFileType = file.xib; path = ProfileTableViewCell.xib; sourceTree = "<group>"; };
		21EEFB662206C830002CE884 /* TableView.app */ = {isa = PBXFileReference; explicitFileType = wrapper.application; includeInIndex = 0; path = TableView.app; sourceTree = BUILT_PRODUCTS_DIR; };
		21EEFB692206C830002CE884 /* AppDelegate.h */ = {isa = PBXFileReference; lastKnownFileType = sourcecode.c.h; path = AppDelegate.h; sourceTree = "<group>"; };
		21EEFB6A2206C830002CE884 /* AppDelegate.m */ = {isa = PBXFileReference; lastKnownFileType = sourcecode.c.objc; path = AppDelegate.m; sourceTree = "<group>"; };
		21EEFB722206C830002CE884 /* Assets.xcassets */ = {isa = PBXFileReference; lastKnownFileType = folder.assetcatalog; path = Assets.xcassets; sourceTree = "<group>"; };
		21EEFB752206C830002CE884 /* Base */ = {isa = PBXFileReference; lastKnownFileType = file.storyboard; name = Base; path = Base.lproj/LaunchScreen.storyboard; sourceTree = "<group>"; };
		21EEFB772206C830002CE884 /* Info.plist */ = {isa = PBXFileReference; lastKnownFileType = text.plist.xml; path = Info.plist; sourceTree = "<group>"; };
		21EEFB782206C830002CE884 /* main.m */ = {isa = PBXFileReference; lastKnownFileType = sourcecode.c.objc; path = main.m; sourceTree = "<group>"; };
		21EEFB7F2206C851002CE884 /* TableUI.h */ = {isa = PBXFileReference; lastKnownFileType = sourcecode.c.h; path = TableUI.h; sourceTree = "<group>"; };
		21EEFB802206C851002CE884 /* TableUI.m */ = {isa = PBXFileReference; lastKnownFileType = sourcecode.c.objc; path = TableUI.m; sourceTree = "<group>"; };
		21EEFB812206C851002CE884 /* TableUI.xib */ = {isa = PBXFileReference; lastKnownFileType = file.xib; path = TableUI.xib; sourceTree = "<group>"; };
/* End PBXFileReference section */

/* Begin PBXFrameworksBuildPhase section */
		21EEFB632206C830002CE884 /* Frameworks */ = {
			isa = PBXFrameworksBuildPhase;
			buildActionMask = 2147483647;
			files = (
			);
			runOnlyForDeploymentPostprocessing = 0;
		};
/* End PBXFrameworksBuildPhase section */

/* Begin PBXGroup section */
		21EEFB5D2206C830002CE884 = {
			isa = PBXGroup;
			children = (
				21EEFB682206C830002CE884 /* TableView */,
				21EEFB672206C830002CE884 /* Products */,
			);
			sourceTree = "<group>";
		};
		21EEFB672206C830002CE884 /* Products */ = {
			isa = PBXGroup;
			children = (
				21EEFB662206C830002CE884 /* TableView.app */,
			);
			name = Products;
			sourceTree = "<group>";
		};
		21EEFB682206C830002CE884 /* TableView */ = {
			isa = PBXGroup;
			children = (
				21EEFB692206C830002CE884 /* AppDelegate.h */,
				21EEFB6A2206C830002CE884 /* AppDelegate.m */,
				21EEFB722206C830002CE884 /* Assets.xcassets */,
				21EEFB742206C830002CE884 /* LaunchScreen.storyboard */,
				21EEFB772206C830002CE884 /* Info.plist */,
				21EEFB782206C830002CE884 /* main.m */,
				21EEFB7F2206C851002CE884 /* TableUI.h */,
				21EEFB802206C851002CE884 /* TableUI.m */,
				21EEFB812206C851002CE884 /* TableUI.xib */,
				210EA3D52213F2CA005B9409 /* ProfileTableViewCell.h */,
				210EA3D62213F2CA005B9409 /* ProfileTableViewCell.m */,
				210EA3D8221407E7005B9409 /* ProfileTableViewCell.xib */,
			);
			path = TableView;
			sourceTree = "<group>";
		};
/* End PBXGroup section */

/* Begin PBXNativeTarget section */
		21EEFB652206C830002CE884 /* TableView */ = {
			isa = PBXNativeTarget;
			buildConfigurationList = 21EEFB7C2206C830002CE884 /* Build configuration list for PBXNativeTarget "TableView" */;
			buildPhases = (
				21EEFB622206C830002CE884 /* Sources */,
				21EEFB632206C830002CE884 /* Frameworks */,
				21EEFB642206C830002CE884 /* Resources */,
			);
			buildRules = (
			);
			dependencies = (
			);
			name = TableView;
			productName = TableView;
			productReference = 21EEFB662206C830002CE884 /* TableView.app */;
			productType = "com.apple.product-type.application";
		};
/* End PBXNativeTarget section */

/* Begin PBXProject section */
		21EEFB5E2206C830002CE884 /* Project object */ = {
			isa = PBXProject;
			attributes = {
				LastUpgradeCheck = 0920;
				ORGANIZATIONNAME = Littlezheng;
				TargetAttributes = {
					21EEFB652206C830002CE884 = {
						CreatedOnToolsVersion = 9.2;
						ProvisioningStyle = Automatic;
					};
				};
			};
			buildConfigurationList = 21EEFB612206C830002CE884 /* Build configuration list for PBXProject "TableView" */;
			compatibilityVersion = "Xcode 8.0";
			developmentRegion = en;
			hasScannedForEncodings = 0;
			knownRegions = (
				en,
				Base,
			);
			mainGroup = 21EEFB5D2206C830002CE884;
			productRefGroup = 21EEFB672206C830002CE884 /* Products */;
			projectDirPath = "";
			projectRoot = "";
			targets = (
				21EEFB652206C830002CE884 /* TableView */,
			);
		};
/* End PBXProject section */

/* Begin PBXResourcesBuildPhase section */
		21EEFB642206C830002CE884 /* Resources */ = {
			isa = PBXResourcesBuildPhase;
			buildActionMask = 2147483647;
			files = (
				21EEFB832206C851002CE884 /* TableUI.xib in Resources */,
				210EA3D9221407E7005B9409 /* ProfileTableViewCell.xib in Resources */,
				21EEFB762206C830002CE884 /* LaunchScreen.storyboard in Resources */,
				21EEFB732206C830002CE884 /* Assets.xcassets in Resources */,
			);
			runOnlyForDeploymentPostprocessing = 0;
		};
/* End PBXResourcesBuildPhase section */

/* Begin PBXSourcesBuildPhase section */
		21EEFB622206C830002CE884 /* Sources */ = {
			isa = PBXSourcesBuildPhase;
			buildActionMask = 2147483647;
			files = (
				21EEFB822206C851002CE884 /* TableUI.m in Sources */,
				21EEFB792206C830002CE884 /* main.m in Sources */,
				210EA3D72213F2CA005B9409 /* ProfileTableViewCell.m in Sources */,
				21EEFB6B2206C830002CE884 /* AppDelegate.m in Sources */,
			);
			runOnlyForDeploymentPostprocessing = 0;
		};
/* End PBXSourcesBuildPhase section */

/* Begin PBXVariantGroup section */
		21EEFB742206C830002CE884 /* LaunchScreen.storyboard */ = {
			isa = PBXVariantGroup;
			children = (
				21EEFB752206C830002CE884 /* Base */,
			);
			name = LaunchScreen.storyboard;
			sourceTree = "<group>";
		};
/* End PBXVariantGroup section */

/* Begin XCBuildConfiguration section */
		21EEFB7A2206C830002CE884 /* Debug */ = {
			isa = XCBuildConfiguration;
			buildSettings = {
				ALWAYS_SEARCH_USER_PATHS = NO;
				CLANG_ANALYZER_NONNULL = YES;
				CLANG_ANALYZER_NUMBER_OBJECT_CONVERSION = YES_AGGRESSIVE;
				CLANG_CXX_LANGUAGE_STANDARD = "gnu++14";
				CLANG_CXX_LIBRARY = "libc++";
				CLANG_ENABLE_MODULES = YES;
				CLANG_ENABLE_OBJC_ARC = YES;
				CLANG_WARN_BLOCK_CAPTURE_AUTORELEASING = YES;
				CLANG_WARN_BOOL_CONVERSION = YES;
				CLANG_WARN_COMMA = YES;
				CLANG_WARN_CONSTANT_CONVERSION = YES;
				CLANG_WARN_DIRECT_OBJC_ISA_USAGE = YES_ERROR;
				CLANG_WARN_DOCUMENTATION_COMMENTS = YES;
				CLANG_WARN_EMPTY_BODY = YES;
				CLANG_WARN_ENUM_CONVERSION = YES;
				CLANG_WARN_INFINITE_RECURSION = YES;
				CLANG_WARN_INT_CONVERSION = YES;
				CLANG_WARN_NON_LITERAL_NULL_CONVERSION = YES;
				CLANG_WARN_OBJC_LITERAL_CONVERSION = YES;
				CLANG_WARN_OBJC_ROOT_CLASS = YES_ERROR;
				CLANG_WARN_RANGE_LOOP_ANALYSIS = YES;
				CLANG_WARN_STRICT_PROTOTYPES = YES;
				CLANG_WARN_SUSPICIOUS_MOVE = YES;
				CLANG_WARN_UNGUARDED_AVAILABILITY = YES_AGGRESSIVE;
				CLANG_WARN_UNREACHABLE_CODE = YES;
				CLANG_WARN__DUPLICATE_METHOD_MATCH = YES;
				CODE_SIGN_IDENTITY = "iPhone Developer";
				COPY_PHASE_STRIP = NO;
				DEBUG_INFORMATION_FORMAT = dwarf;
				ENABLE_STRICT_OBJC_MSGSEND = YES;
				ENABLE_TESTABILITY = YES;
				GCC_C_LANGUAGE_STANDARD = gnu11;
				GCC_DYNAMIC_NO_PIC = NO;
				GCC_NO_COMMON_BLOCKS = YES;
				GCC_OPTIMIZATION_LEVEL = 0;
				GCC_PREPROCESSOR_DEFINITIONS = (
					"DEBUG=1",
					"$(inherited)",
				);
				GCC_WARN_64_TO_32_BIT_CONVERSION = YES;
				GCC_WARN_ABOUT_RETURN_TYPE = YES_ERROR;
				GCC_WARN_UNDECLARED_SELECTOR = YES;
				GCC_WARN_UNINITIALIZED_AUTOS = YES_AGGRESSIVE;
				GCC_WARN_UNUSED_FUNCTION = YES;
				GCC_WARN_UNUSED_VARIABLE = YES;
				IPHONEOS_DEPLOYMENT_TARGET = 11.2;
				MTL_ENABLE_DEBUG_INFO = YES;
				ONLY_ACTIVE_ARCH = YES;
				SDKROOT = iphoneos;
			};
			name = Debug;
		};
		21EEFB7B2206C830002CE884 /* Release */ = {
			isa = XCBuildConfiguration;
			buildSettings = {
				ALWAYS_SEARCH_USER_PATHS = NO;
				CLANG_ANALYZER_NONNULL = YES;
				CLANG_ANALYZER_NUMBER_OBJECT_CONVERSION = YES_AGGRESSIVE;
				CLANG_CXX_LANGUAGE_STANDARD = "gnu++14";
				CLANG_CXX_LIBRARY = "libc++";
				CLANG_ENABLE_MODULES = YES;
				CLANG_ENABLE_OBJC_ARC = YES;
				CLANG_WARN_BLOCK_CAPTURE_AUTORELEASING = YES;
				CLANG_WARN_BOOL_CONVERSION = YES;
				CLANG_WARN_COMMA = YES;
				CLANG_WARN_CONSTANT_CONVERSION = YES;
				CLANG_WARN_DIRECT_OBJC_ISA_USAGE = YES_ERROR;
				CLANG_WARN_DOCUMENTATION_COMMENTS = YES;
				CLANG_WARN_EMPTY_BODY = YES;
				CLANG_WARN_ENUM_CONVERSION = YES;
				CLANG_WARN_INFINITE_RECURSION = YES;
				CLANG_WARN_INT_CONVERSION = YES;
				CLANG_WARN_NON_LITERAL_NULL_CONVERSION = YES;
				CLANG_WARN_OBJC_LITERAL_CONVERSION = YES;
				CLANG_WARN_OBJC_ROOT_CLASS = YES_ERROR;
				CLANG_WARN_RANGE_LOOP_ANALYSIS = YES;
				CLANG_WARN_STRICT_PROTOTYPES = YES;
				CLANG_WARN_SUSPICIOUS_MOVE = YES;
				CLANG_WARN_UNGUARDED_AVAILABILITY = YES_AGGRESSIVE;
				CLANG_WARN_UNREACHABLE_CODE = YES;
				CLANG_WARN__DUPLICATE_METHOD_MATCH = YES;
				CODE_SIGN_IDENTITY = "iPhone Developer";
				COPY_PHASE_STRIP = NO;
				DEBUG_INFORMATION_FORMAT = "dwarf-with-dsym";
				ENABLE_NS_ASSERTIONS = NO;
				ENABLE_STRICT_OBJC_MSGSEND = YES;
				GCC_C_LANGUAGE_STANDARD = gnu11;
				GCC_NO_COMMON_BLOCKS = YES;
				GCC_WARN_64_TO_32_BIT_CONVERSION = YES;
				GCC_WARN_ABOUT_RETURN_TYPE = YES_ERROR;
				GCC_WARN_UNDECLARED_SELECTOR = YES;
				GCC_WARN_UNINITIALIZED_AUTOS = YES_AGGRESSIVE;
				GCC_WARN_UNUSED_FUNCTION = YES;
				GCC_WARN_UNUSED_VARIABLE = YES;
				IPHONEOS_DEPLOYMENT_TARGET = 11.2;
				MTL_ENABLE_DEBUG_INFO = NO;
				SDKROOT = iphoneos;
				VALIDATE_PRODUCT = YES;
			};
			name = Release;
		};
		21EEFB7D2206C830002CE884 /* Debug */ = {
			isa = XCBuildConfiguration;
			buildSettings = {
				ASSETCATALOG_COMPILER_APPICON_NAME = AppIcon;
				CODE_SIGN_STYLE = Automatic;
				DEVELOPMENT_TEAM = 7GF4MAFCST;
				INFOPLIST_FILE = TableView/Info.plist;
				LD_RUNPATH_SEARCH_PATHS = "$(inherited) @executable_path/Frameworks";
				PRODUCT_BUNDLE_IDENTIFIER = com.littlezheng.TableView;
				PRODUCT_NAME = "$(TARGET_NAME)";
				TARGETED_DEVICE_FAMILY = "1,2";
			};
			name = Debug;
		};
		21EEFB7E2206C830002CE884 /* Release */ = {
			isa = XCBuildConfiguration;
			buildSettings = {
				ASSETCATALOG_COMPILER_APPICON_NAME = AppIcon;
				CODE_SIGN_STYLE = Automatic;
				DEVELOPMENT_TEAM = 7GF4MAFCST;
				INFOPLIST_FILE = TableView/Info.plist;
				LD_RUNPATH_SEARCH_PATHS = "$(inherited) @executable_path/Frameworks";
				PRODUCT_BUNDLE_IDENTIFIER = com.littlezheng.TableView;
				PRODUCT_NAME = "$(TARGET_NAME)";
				TARGETED_DEVICE_FAMILY = "1,2";
			};
			name = Release;
		};
/* End XCBuildConfiguration section */

/* Begin XCConfigurationList section */
		21EEFB612206C830002CE884 /* Build configuration list for PBXProject "TableView" */ = {
			isa = XCConfigurationList;
			buildConfigurations = (
				21EEFB7A2206C830002CE884 /* Debug */,
				21EEFB7B2206C830002CE884 /* Release */,
			);
			defaultConfigurationIsVisible = 0;
			defaultConfigurationName = Release;
		};
		21EEFB7C2206C830002CE884 /* Build configuration list for PBXNativeTarget "TableView" */ = {
			isa = XCConfigurationList;
			buildConfigurations = (
				21EEFB7D2206C830002CE884 /* Debug */,
				21EEFB7E2206C830002CE884 /* Release */,
			);
			defaultConfigurationIsVisible = 0;
			defaultConfigurationName = Release;
		};
/* End XCConfigurationList section */
	};
	rootObject = 21EEFB5E2206C830002CE884 /* Project object */;
}
